Microsoft Visual Studio Solution File, Format Version 12.00
# Visual Studio 15
VisualStudioVersion = 15.0.28307.779
MinimumVisualStudioVersion = 10.0.40219.1
Project("{FAE04EC0-301F-11D3-BF4B-00C04F79EFBC}") = "ApsNetWebApp", "ApsNetWebApp\ApsNetWebApp.csproj", "{7F6655CC-337A-47AC-821D-DF030368CFCD}"
EndProject
Global
	GlobalSection(SolutionConfigurationPlatforms) = preSolution
		Debug|Any CPU = Debug|Any CPU
		Release|Any CPU = Release|Any CPU
	EndGlobalSection
	GlobalSection(ProjectConfigurationPlatforms) = postSolution
		{7F6655CC-337A-47AC-821D-DF030368CFCD}.Debug|Any CPU.ActiveCfg = Debug|Any CPU
		{7F6655CC-337A-47AC-821D-DF030368CFCD}.Debug|Any CPU.Build.0 = Debug|Any CPU
		{7F6655CC-337A-47AC-821D-DF030368CFCD}.Release|Any CPU.ActiveCfg = Release|Any CPU
		{7F6655CC-337A-47AC-821D-DF030368CFCD}.Release|Any CPU.Build.0 = Release|Any CPU
	EndGlobalSection
	GlobalSection(SolutionProperties) = preSolution
		HideSolutionNode = FALSE
	EndGlobalSection
	GlobalSection(ExtensibilityGlobals) = postSolution
		SolutionGuid = {0820C98D-34C7-4918-B2DE-0B2EF44D0230}
	EndGlobalSection
EndGlobal
